{
  "name": "@mrlostgamer/custom-countdown",
  "version": "3.0.1",
  "lockfileVersion": 3,
  "requires": true,
  "packages": {
    "": {
      "name": "@mrlostgamer/custom-countdown",
      "version": "3.0.1",
      "dependencies": {
        "@mrlostgamer/custom-countdown": "file:mrlostgamer-custom-countdown-1.0.0.tgz"
      }
    },
    "node_modules/@mrlostgamer/custom-countdown": {
      "version": "1.0.0",
      "resolved": "file:mrlostgamer-custom-countdown-1.0.0.tgz",
      "integrity": "sha512-q/q38Fnl93JsxDE973OQ39wVi36LrId7qqBJXonFKehhzrDZ2brX2LzTL4n8Wb6BAg07E5+ufrGUaUjphpr2pw==",
      "dependencies": {
        "@mrlostgamer/custom-countdown": "file:mrlostgamer-custom-countdown-1.0.0.tgz"
      }
    }
  }
}
